
Microsoft Visual Studio Solution File, Format Version 12.00
# Visual Studio Version 17
VisualStudioVersion = 17.4.33205.214
MinimumVisualStudioVersion = 10.0.40219.1
Project("{FAE04EC0-301F-11D3-BF4B-00C04F79EFBC}") = "mngYT", "mngYT\mngYT.csproj", "{A34AF180-E55B-4731-BD9D-5F6B7F2063EA}"
EndProject
Global
	GlobalSection(SolutionConfigurationPlatforms) = preSolution
		Debug|Any CPU = Debug|Any CPU
		Release|Any CPU = Release|Any CPU
	EndGlobalSection
	GlobalSection(ProjectConfigurationPlatforms) = postSolution
		{A34AF180-E55B-4731-BD9D-5F6B7F2063EA}.Debug|Any CPU.ActiveCfg = Debug|Any CPU
		{A34AF180-E55B-4731-BD9D-5F6B7F2063EA}.Debug|Any CPU.Build.0 = Debug|Any CPU
		{A34AF180-E55B-4731-BD9D-5F6B7F2063EA}.Release|Any CPU.ActiveCfg = Release|Any CPU
		{A34AF180-E55B-4731-BD9D-5F6B7F2063EA}.Release|Any CPU.Build.0 = Release|Any CPU
	EndGlobalSection
	GlobalSection(SolutionProperties) = preSolution
		HideSolutionNode = FALSE
	EndGlobalSection
	GlobalSection(ExtensibilityGlobals) = postSolution
		SolutionGuid = {3389622E-B024-43AD-9ED7-C38D3A9C7FE1}
	EndGlobalSection
EndGlobal
